
Microsoft Visual Studio Solution File, Format Version 12.00
# Visual Studio 2012
Project("{FAE04EC0-301F-11D3-BF4B-00C04F79EFBC}") = "Imp3AutoMessage", "Imp3AutoMessage\Imp3AutoMessage.csproj", "{30FE5893-03E6-4EF7-9522-3B9A2F73F228}"
EndProject
Global
	GlobalSection(SolutionConfigurationPlatforms) = preSolution
		Debug|Any CPU = Debug|Any CPU
		Release|Any CPU = Release|Any CPU
	EndGlobalSection
	GlobalSection(ProjectConfigurationPlatforms) = postSolution
		{30FE5893-03E6-4EF7-9522-3B9A2F73F228}.Debug|Any CPU.ActiveCfg = Debug|Any CPU
		{30FE5893-03E6-4EF7-9522-3B9A2F73F228}.Debug|Any CPU.Build.0 = Debug|Any CPU
		{30FE5893-03E6-4EF7-9522-3B9A2F73F228}.Release|Any CPU.ActiveCfg = Release|Any CPU
		{30FE5893-03E6-4EF7-9522-3B9A2F73F228}.Release|Any CPU.Build.0 = Release|Any CPU
	EndGlobalSection
	GlobalSection(SolutionProperties) = preSolution
		HideSolutionNode = FALSE
	EndGlobalSection
EndGlobal
